
Microsoft Visual Studio Solution File, Format Version 12.00
# Visual Studio 2013
VisualStudioVersion = 12.0.21005.1
MinimumVisualStudioVersion = 10.0.40219.1
Project("{FAE04EC0-301F-11D3-BF4B-00C04F79EFBC}") = "GameOfLife", "GameOfLife\GameOfLife.csproj", "{0EA816FC-02A7-4ADE-9C81-6B4BCC4B0CD8}"
EndProject
Project("{FAE04EC0-301F-11D3-BF4B-00C04F79EFBC}") = "Test", "Test\Test.csproj", "{7587F413-111A-49E5-BC31-1A30136AE1C2}"
EndProject
Project("{FAE04EC0-301F-11D3-BF4B-00C04F79EFBC}") = "GameOfLife.Cli", "GameOfLife.Cli\GameOfLife.Cli.csproj", "{9506533F-DE7D-49CA-A2E2-FE64124FAA70}"
EndProject
Project("{2150E333-8FDC-42A3-9474-1A3956D46DE8}") = ".nuget", ".nuget", "{2E36A09A-A871-4BA9-9CAA-BB5363E4F8F1}"
	ProjectSection(SolutionItems) = preProject
		.nuget\NuGet.Config = .nuget\NuGet.Config
		.nuget\NuGet.exe = .nuget\NuGet.exe
		.nuget\NuGet.targets = .nuget\NuGet.targets
	EndProjectSection
EndProject
Global
	GlobalSection(SolutionConfigurationPlatforms) = preSolution
		Debug|Any CPU = Debug|Any CPU
		Release|Any CPU = Release|Any CPU
	EndGlobalSection
	GlobalSection(ProjectConfigurationPlatforms) = postSolution
		{0EA816FC-02A7-4ADE-9C81-6B4BCC4B0CD8}.Debug|Any CPU.ActiveCfg = Debug|Any CPU
		{0EA816FC-02A7-4ADE-9C81-6B4BCC4B0CD8}.Debug|Any CPU.Build.0 = Debug|Any CPU
		{0EA816FC-02A7-4ADE-9C81-6B4BCC4B0CD8}.Release|Any CPU.ActiveCfg = Release|Any CPU
		{0EA816FC-02A7-4ADE-9C81-6B4BCC4B0CD8}.Release|Any CPU.Build.0 = Release|Any CPU
		{7587F413-111A-49E5-BC31-1A30136AE1C2}.Debug|Any CPU.ActiveCfg = Debug|Any CPU
		{7587F413-111A-49E5-BC31-1A30136AE1C2}.Debug|Any CPU.Build.0 = Debug|Any CPU
		{7587F413-111A-49E5-BC31-1A30136AE1C2}.Release|Any CPU.ActiveCfg = Release|Any CPU
		{7587F413-111A-49E5-BC31-1A30136AE1C2}.Release|Any CPU.Build.0 = Release|Any CPU
		{9506533F-DE7D-49CA-A2E2-FE64124FAA70}.Debug|Any CPU.ActiveCfg = Debug|Any CPU
		{9506533F-DE7D-49CA-A2E2-FE64124FAA70}.Debug|Any CPU.Build.0 = Debug|Any CPU
		{9506533F-DE7D-49CA-A2E2-FE64124FAA70}.Release|Any CPU.ActiveCfg = Release|Any CPU
		{9506533F-DE7D-49CA-A2E2-FE64124FAA70}.Release|Any CPU.Build.0 = Release|Any CPU
	EndGlobalSection
	GlobalSection(SolutionProperties) = preSolution
		HideSolutionNode = FALSE
	EndGlobalSection
EndGlobal
